{"name":"botshelf","version":"0.1.0","lockfileVersion":3,"requires":true,"packages":{"":{"name":"botshelf","version":"0.1.0","dependencies":{"lucide-react":"^1.35.0","next":"16.3.3","react":"19.2.8","react-dom":"19.2.8","stripe":"^22.6.0","zod":"^4.5.2"},"devDependencies":{"@playwright/test":"^1.62.1","@stripe/cli":"^1.50.6","@tailwindcss/postcss":"^4","@types/node":"^20","@types/react":"^19","@types/react-dom":"^19","eslint":"^9","eslint-config-next":"16.3.3","tailwindcss":"^4","typescript":"^5"}}}